
Microsoft Visual Studio Solution File, Format Version 12.00
# Visual Studio 15
VisualStudioVersion = 15.0.27703.2000
MinimumVisualStudioVersion = 10.0.40219.1
Project("{FAE04EC0-301F-11D3-BF4B-00C04F79EFBC}") = "MsmqProject", "MsmqProject\MsmqProject.csproj", "{BFC9E3AF-2759-4688-9BD5-FE7BC68DAE0A}"
EndProject
Global
	GlobalSection(SolutionConfigurationPlatforms) = preSolution
		Debug|Any CPU = Debug|Any CPU
		Release|Any CPU = Release|Any CPU
	EndGlobalSection
	GlobalSection(ProjectConfigurationPlatforms) = postSolution
		{BFC9E3AF-2759-4688-9BD5-FE7BC68DAE0A}.Debug|Any CPU.ActiveCfg = Debug|Any CPU
		{BFC9E3AF-2759-4688-9BD5-FE7BC68DAE0A}.Debug|Any CPU.Build.0 = Debug|Any CPU
		{BFC9E3AF-2759-4688-9BD5-FE7BC68DAE0A}.Release|Any CPU.ActiveCfg = Release|Any CPU
		{BFC9E3AF-2759-4688-9BD5-FE7BC68DAE0A}.Release|Any CPU.Build.0 = Release|Any CPU
	EndGlobalSection
	GlobalSection(SolutionProperties) = preSolution
		HideSolutionNode = FALSE
	EndGlobalSection
	GlobalSection(ExtensibilityGlobals) = postSolution
		SolutionGuid = {5FBC7084-6ACA-4F81-BB1B-F5BAD4C48C52}
	EndGlobalSection
EndGlobal
